github.com/bendahl/uinput v1.7.0 h1:nA4fm8Wu8UYNOPykIZm66nkWEyvxzfmJ8YC02PM40jg=
github.com/bendahl/uinput v1.7.0/go.mod h1:Np7w3DINc9wB83p12fTAM3DPPhFnAKP0WTXRqCQJ6Z8=
github.com/holoplot/go-evdev v0.0.0-20260504100651-66d1748fe847 h1:1rQ5UQXFm02DXEtsIpotfA32WJ9KceS6t8w5K8QtFqc=
github.com/holoplot/go-evdev v0.0.0-20260504100651-66d1748fe847/go.mod h1:iHAf8OIncO2gcQ8XOjS7CMJ2aPbX2Bs0wl5pZyanEqk=
